// !$*UTF8*$!
{
	archiveVersion = 1;
	classes = {
	};
	objectVersion = 50;
	objects = {

/* Begin PBXBuildFile section */
		7602448C21C86D1700DD3518 /* AppearanceIcon-1024x1024.png in Resources */ = {isa = PBXBuildFile; fileRef = 7602448921C86D1700DD3518 /* AppearanceIcon-1024x1024.png */; };
		7666460B21BD786C00DB519B /* AppDelegate.m in Sources */ = {isa = PBXBuildFile; fileRef = 7666460A21BD786C00DB519B /* AppDelegate.m */; };
		7666460E21BD786C00DB519B /* ViewController.m in Sources */ = {isa = PBXBuildFile; fileRef = 7666460D21BD786C00DB519B /* ViewController.m */; };
		7666461121BD786C00DB519B /* Main.storyboard in Resources */ = {isa = PBXBuildFile; fileRef = 7666460F21BD786C00DB519B /* Main.storyboard */; };
		7666461621BD786E00DB519B /* LaunchScreen.storyboard in Resources */ = {isa = PBXBuildFile; fileRef = 7666461421BD786E00DB519B /* LaunchScreen.storyboard */; };
		7666461921BD786E00DB519B /* main.m in Sources */ = {isa = PBXBuildFile; fileRef = 7666461821BD786E00DB519B /* main.m */; };
		7666462321BD78C000DB519B /* Appearance.html in Resources */ = {isa = PBXBuildFile; fileRef = 7666462021BD78C000DB519B /* Appearance.html */; };
		7666462521BD78C000DB519B /* com_bigcatos_Appearance.js in Resources */ = {isa = PBXBuildFile; fileRef = 7666462221BD78C000DB519B /* com_bigcatos_Appearance.js */; };
		7666462821BD799B00DB519B /* Appearance.m in Sources */ = {isa = PBXBuildFile; fileRef = 7666462621BD799A00DB519B /* Appearance.m */; };
		7666462C21BD857F00DB519B /* AppearanceIcon-256x256.png in Resources */ = {isa = PBXBuildFile; fileRef = 7666462B21BD857F00DB519B /* AppearanceIcon-256x256.png */; };
		7666463521BDA1AF00DB519B /* AppDelegate.m in Sources */ = {isa = PBXBuildFile; fileRef = 7666463421BDA1AF00DB519B /* AppDelegate.m */; };
		7666463821BDA1AF00DB519B /* ViewController.m in Sources */ = {isa = PBXBuildFile; fileRef = 7666463721BDA1AF00DB519B /* ViewController.m */; };
		7666463D21BDA1B000DB519B /* Main.storyboard in Resources */ = {isa = PBXBuildFile; fileRef = 7666463B21BDA1B000DB519B /* Main.storyboard */; };
		7666464021BDA1B000DB519B /* main.m in Sources */ = {isa = PBXBuildFile; fileRef = 7666463F21BDA1B000DB519B /* main.m */; };
		7666464521BDA60A00DB519B /* Appearance.m in Sources */ = {isa = PBXBuildFile; fileRef = 7666462621BD799A00DB519B /* Appearance.m */; };
		7666464621BDAB6400DB519B /* Appearance.html in Resources */ = {isa = PBXBuildFile; fileRef = 7666462021BD78C000DB519B /* Appearance.html */; };
		7668130921C8721400E5D2E5 /* Images.xcassets in Resources */ = {isa = PBXBuildFile; fileRef = 7668130821C8721400E5D2E5 /* Images.xcassets */; };
		766B4E6C21C87BF4003F3CB0 /* Images.xcassets in Resources */ = {isa = PBXBuildFile; fileRef = 7668130821C8721400E5D2E5 /* Images.xcassets */; };
		76A05D6E2348CCD3000093BD /* Shredder.mov in Resources */ = {isa = PBXBuildFile; fileRef = 76A05D6D2348CCD3000093BD /* Shredder.mov */; };
		76BD946221C364F100EF30E6 /* Appearance.h in Resources */ = {isa = PBXBuildFile; fileRef = 7666462721BD799A00DB519B /* Appearance.h */; };
		76BD946621C36CF400EF30E6 /* Appearance.m in CopyFiles */ = {isa = PBXBuildFile; fileRef = 7666462621BD799A00DB519B /* Appearance.m */; };
		76C9F38A21BFE2BE008B06D8 /* HelpWindowController.xib in Resources */ = {isa = PBXBuildFile; fileRef = 76C9F38721BFE2BE008B06D8 /* HelpWindowController.xib */; };
		76C9F38B21BFE2BE008B06D8 /* HelpWindowController.m in Sources */ = {isa = PBXBuildFile; fileRef = 76C9F38821BFE2BE008B06D8 /* HelpWindowController.m */; };
		76DF515B234C090B00304E1A /* Shredder.mov in Resources */ = {isa = PBXBuildFile; fileRef = 76A05D6D2348CCD3000093BD /* Shredder.mov */; };
		76E4BC8021C1E9D4008A7ECD /* Appearance.sh in Resources */ = {isa = PBXBuildFile; fileRef = 76E4BC7F21C1E9D4008A7ECD /* Appearance.sh */; };
		76E4BC8121C1E9D4008A7ECD /* Appearance.sh in Resources */ = {isa = PBXBuildFile; fileRef = 76E4BC7F21C1E9D4008A7ECD /* Appearance.sh */; };
		76E54CC821BDC3720077F48D /* AppearanceIcon-256x256.png in Resources */ = {isa = PBXBuildFile; fileRef = 7666462B21BD857F00DB519B /* AppearanceIcon-256x256.png */; };
		76E54CC921BDC40D0077F48D /* com_bigcatos_Appearance.js in Resources */ = {isa = PBXBuildFile; fileRef = 7666462221BD78C000DB519B /* com_bigcatos_Appearance.js */; };
		76F03338243FE2D70085B442 /* ShredderIcon@3x.png in Resources */ = {isa = PBXBuildFile; fileRef = 76F03337243FE2D70085B442 /* ShredderIcon@3x.png */; };
/* End PBXBuildFile section */

/* Begin PBXCopyFilesBuildPhase section */
		76BD946521C36CE400EF30E6 /* CopyFiles */ = {
			isa = PBXCopyFilesBuildPhase;
			buildActionMask = 2147483647;
			dstPath = "";
			dstSubfolderSpec = 7;
			files = (
				76BD946621C36CF400EF30E6 /* Appearance.m in CopyFiles */,
			);
			runOnlyForDeploymentPostprocessing = 0;
		};
/* End PBXCopyFilesBuildPhase section */

/* Begin PBXFileReference section */
		7602448921C86D1700DD3518 /* AppearanceIcon-1024x1024.png */ = {isa = PBXFileReference; lastKnownFileType = image.png; path = "AppearanceIcon-1024x1024.png"; sourceTree = "<group>"; };
		7666460621BD786C00DB519B /* Appearance.app */ = {isa = PBXFileReference; explicitFileType = wrapper.application; includeInIndex = 0; path = Appearance.app; sourceTree = BUILT_PRODUCTS_DIR; };
		7666460921BD786C00DB519B /* AppDelegate.h */ = {isa = PBXFileReference; lastKnownFileType = sourcecode.c.h; path = AppDelegate.h; sourceTree = "<group>"; };
		7666460A21BD786C00DB519B /* AppDelegate.m */ = {isa = PBXFileReference; lastKnownFileType = sourcecode.c.objc; path = AppDelegate.m; sourceTree = "<group>"; };
		7666460C21BD786C00DB519B /* ViewController.h */ = {isa = PBXFileReference; lastKnownFileType = sourcecode.c.h; path = ViewController.h; sourceTree = "<group>"; };
		7666460D21BD786C00DB519B /* ViewController.m */ = {isa = PBXFileReference; lastKnownFileType = sourcecode.c.objc; path = ViewController.m; sourceTree = "<group>"; };
		7666461021BD786C00DB519B /* Base */ = {isa = PBXFileReference; lastKnownFileType = file.storyboard; name = Base; path = Base.lproj/Main.storyboard; sourceTree = "<group>"; };
		7666461521BD786E00DB519B /* Base */ = {isa = PBXFileReference; lastKnownFileType = file.storyboard; name = Base; path = Base.lproj/LaunchScreen.storyboard; sourceTree = "<group>"; };
		7666461721BD786E00DB519B /* Info.plist */ = {isa = PBXFileReference; lastKnownFileType = text.plist.xml; path = Info.plist; sourceTree = "<group>"; };
		7666461821BD786E00DB519B /* main.m */ = {isa = PBXFileReference; lastKnownFileType = sourcecode.c.objc; path = main.m; sourceTree = "<group>"; };
		7666462021BD78C000DB519B /* Appearance.html */ = {isa = PBXFileReference; fileEncoding = 4; lastKnownFileType = text.html; path = Appearance.html; sourceTree = "<group>"; };
		7666462221BD78C000DB519B /* com_bigcatos_Appearance.js */ = {isa = PBXFileReference; fileEncoding = 4; lastKnownFileType = sourcecode.javascript; path = com_bigcatos_Appearance.js; sourceTree = "<group>"; };
		7666462621BD799A00DB519B /* Appearance.m */ = {isa = PBXFileReference; fileEncoding = 4; lastKnownFileType = sourcecode.c.objc; path = Appearance.m; sourceTree = "<group>"; };
		7666462721BD799A00DB519B /* Appearance.h */ = {isa = PBXFileReference; fileEncoding = 4; lastKnownFileType = sourcecode.c.h; path = Appearance.h; sourceTree = "<group>"; };
		7666462B21BD857F00DB519B /* AppearanceIcon-256x256.png */ = {isa = PBXFileReference; lastKnownFileType = image.png; path = "AppearanceIcon-256x256.png"; sourceTree = "<group>"; };
		7666463121BDA1AF00DB519B /* AppearanceX.app */ = {isa = PBXFileReference; explicitFileType = wrapper.application; includeInIndex = 0; path = AppearanceX.app; sourceTree = BUILT_PRODUCTS_DIR; };
		7666463321BDA1AF00DB519B /* AppDelegate.h */ = {isa = PBXFileReference; lastKnownFileType = sourcecode.c.h; path = AppDelegate.h; sourceTree = "<group>"; };
		7666463421BDA1AF00DB519B /* AppDelegate.m */ = {isa = PBXFileReference; lastKnownFileType = sourcecode.c.objc; path = AppDelegate.m; sourceTree = "<group>"; };
		7666463621BDA1AF00DB519B /* ViewController.h */ = {isa = PBXFileReference; lastKnownFileType = sourcecode.c.h; path = ViewController.h; sourceTree = "<group>"; };
		7666463721BDA1AF00DB519B /* ViewController.m */ = {isa = PBXFileReference; lastKnownFileType = sourcecode.c.objc; path = ViewController.m; sourceTree = "<group>"; };
		7666463C21BDA1B000DB519B /* Base */ = {isa = PBXFileReference; lastKnownFileType = file.storyboard; name = Base; path = Base.lproj/Main.storyboard; sourceTree = "<group>"; };
		7666463E21BDA1B000DB519B /* Info.plist */ = {isa = PBXFileReference; lastKnownFileType = text.plist.xml; path = Info.plist; sourceTree = "<group>"; };
		7666463F21BDA1B000DB519B /* main.m */ = {isa = PBXFileReference; lastKnownFileType = sourcecode.c.objc; path = main.m; sourceTree = "<group>"; };
		7666464121BDA1B000DB519B /* AppearanceX.entitlements */ = {isa = PBXFileReference; lastKnownFileType = text.plist.entitlements; path = AppearanceX.entitlements; sourceTree = "<group>"; };
		7668130821C8721400E5D2E5 /* Images.xcassets */ = {isa = PBXFileReference; lastKnownFileType = folder.assetcatalog; path = Images.xcassets; sourceTree = "<group>"; };
		76A05D6D2348CCD3000093BD /* Shredder.mov */ = {isa = PBXFileReference; lastKnownFileType = video.quicktime; path = Shredder.mov; sourceTree = "<group>"; };
		76C9F38721BFE2BE008B06D8 /* HelpWindowController.xib */ = {isa = PBXFileReference; fileEncoding = 4; lastKnownFileType = file.xib; path = HelpWindowController.xib; sourceTree = "<group>"; };
		76C9F38821BFE2BE008B06D8 /* HelpWindowController.m */ = {isa = PBXFileReference; fileEncoding = 4; lastKnownFileType = sourcecode.c.objc; path = HelpWindowController.m; sourceTree = "<group>"; };
		76C9F38921BFE2BE008B06D8 /* HelpWindowController.h */ = {isa = PBXFileReference; fileEncoding = 4; lastKnownFileType = sourcecode.c.h; path = HelpWindowController.h; sourceTree = "<group>"; };
		76E4BC7F21C1E9D4008A7ECD /* Appearance.sh */ = {isa = PBXFileReference; lastKnownFileType = text.script.sh; path = Appearance.sh; sourceTree = "<group>"; };
		76F03337243FE2D70085B442 /* ShredderIcon@3x.png */ = {isa = PBXFileReference; lastKnownFileType = image.png; path = "ShredderIcon@3x.png"; sourceTree = "<group>"; };
/* End PBXFileReference section */

/* Begin PBXFrameworksBuildPhase section */
		7666460321BD786C00DB519B /* Frameworks */ = {
			isa = PBXFrameworksBuildPhase;
			buildActionMask = 2147483647;
			files = (
			);
			runOnlyForDeploymentPostprocessing = 0;
		};
		7666462E21BDA1AF00DB519B /* Frameworks */ = {
			isa = PBXFrameworksBuildPhase;
			buildActionMask = 2147483647;
			files = (
			);
			runOnlyForDeploymentPostprocessing = 0;
		};
/* End PBXFrameworksBuildPhase section */

/* Begin PBXGroup section */
		766645FD21BD786C00DB519B = {
			isa = PBXGroup;
			children = (
				7666462221BD78C000DB519B /* com_bigcatos_Appearance.js */,
				76E4BC7F21C1E9D4008A7ECD /* Appearance.sh */,
				7666462721BD799A00DB519B /* Appearance.h */,
				7666462621BD799A00DB519B /* Appearance.m */,
				7666462021BD78C000DB519B /* Appearance.html */,
				7666462B21BD857F00DB519B /* AppearanceIcon-256x256.png */,
				7602448921C86D1700DD3518 /* AppearanceIcon-1024x1024.png */,
				7668130821C8721400E5D2E5 /* Images.xcassets */,
				76A05D6D2348CCD3000093BD /* Shredder.mov */,
				76F03337243FE2D70085B442 /* ShredderIcon@3x.png */,
				7666460821BD786C00DB519B /* Appearance */,
				7666463221BDA1AF00DB519B /* AppearanceX */,
				7666460721BD786C00DB519B /* Products */,
			);
			sourceTree = "<group>";
		};
		7666460721BD786C00DB519B /* Products */ = {
			isa = PBXGroup;
			children = (
				7666460621BD786C00DB519B /* Appearance.app */,
				7666463121BDA1AF00DB519B /* AppearanceX.app */,
			);
			name = Products;
			sourceTree = "<group>";
		};
		7666460821BD786C00DB519B /* Appearance */ = {
			isa = PBXGroup;
			children = (
				7666460921BD786C00DB519B /* AppDelegate.h */,
				7666460A21BD786C00DB519B /* AppDelegate.m */,
				7666460C21BD786C00DB519B /* ViewController.h */,
				7666460D21BD786C00DB519B /* ViewController.m */,
				7666460F21BD786C00DB519B /* Main.storyboard */,
				7666461421BD786E00DB519B /* LaunchScreen.storyboard */,
				7666461721BD786E00DB519B /* Info.plist */,
				7666461821BD786E00DB519B /* main.m */,
			);
			path = Appearance;
			sourceTree = "<group>";
		};
		7666463221BDA1AF00DB519B /* AppearanceX */ = {
			isa = PBXGroup;
			children = (
				7666463321BDA1AF00DB519B /* AppDelegate.h */,
				7666463421BDA1AF00DB519B /* AppDelegate.m */,
				76C9F38921BFE2BE008B06D8 /* HelpWindowController.h */,
				76C9F38821BFE2BE008B06D8 /* HelpWindowController.m */,
				76C9F38721BFE2BE008B06D8 /* HelpWindowController.xib */,
				7666463621BDA1AF00DB519B /* ViewController.h */,
				7666463721BDA1AF00DB519B /* ViewController.m */,
				7666463B21BDA1B000DB519B /* Main.storyboard */,
				7666463E21BDA1B000DB519B /* Info.plist */,
				7666463F21BDA1B000DB519B /* main.m */,
				7666464121BDA1B000DB519B /* AppearanceX.entitlements */,
			);
			path = AppearanceX;
			sourceTree = "<group>";
		};
/* End PBXGroup section */

/* Begin PBXNativeTarget section */
		7666460521BD786C00DB519B /* Appearance */ = {
			isa = PBXNativeTarget;
			buildConfigurationList = 7666461C21BD786E00DB519B /* Build configuration list for PBXNativeTarget "Appearance" */;
			buildPhases = (
				7666460221BD786C00DB519B /* Sources */,
				7666460321BD786C00DB519B /* Frameworks */,
				7666460421BD786C00DB519B /* Resources */,
				7696327322CFFE9C00D3DC07 /* ShellScript */,
			);
			buildRules = (
			);
			dependencies = (
			);
			name = Appearance;
			productName = Appearance;
			productReference = 7666460621BD786C00DB519B /* Appearance.app */;
			productType = "com.apple.product-type.application";
		};
		7666463021BDA1AF00DB519B /* AppearanceX */ = {
			isa = PBXNativeTarget;
			buildConfigurationList = 7666464221BDA1B000DB519B /* Build configuration list for PBXNativeTarget "AppearanceX" */;
			buildPhases = (
				7666462D21BDA1AF00DB519B /* Sources */,
				7666462E21BDA1AF00DB519B /* Frameworks */,
				7666462F21BDA1AF00DB519B /* Resources */,
				76BD946521C36CE400EF30E6 /* CopyFiles */,
				7696327422D0033300D3DC07 /* ShellScript */,
			);
			buildRules = (
			);
			dependencies = (
			);
			name = AppearanceX;
			productName = AppearanceX;
			productReference = 7666463121BDA1AF00DB519B /* AppearanceX.app */;
			productType = "com.apple.product-type.application";
		};
/* End PBXNativeTarget section */

/* Begin PBXProject section */
		766645FE21BD786C00DB519B /* Project object */ = {
			isa = PBXProject;
			attributes = {
				LastUpgradeCheck = 1010;
				ORGANIZATIONNAME = "Steve Lidie";
				TargetAttributes = {
					7666460521BD786C00DB519B = {
						CreatedOnToolsVersion = 10.1;
					};
					7666463021BDA1AF00DB519B = {
						CreatedOnToolsVersion = 10.1;
						SystemCapabilities = {
							com.apple.Sandbox = {
								enabled = 1;
							};
						};
					};
				};
			};
			buildConfigurationList = 7666460121BD786C00DB519B /* Build configuration list for PBXProject "Appearance" */;
			compatibilityVersion = "Xcode 9.3";
			developmentRegion = en;
			hasScannedForEncodings = 0;
			knownRegions = (
				en,
				Base,
			);
			mainGroup = 766645FD21BD786C00DB519B;
			productRefGroup = 7666460721BD786C00DB519B /* Products */;
			projectDirPath = "";
			projectRoot = "";
			targets = (
				7666460521BD786C00DB519B /* Appearance */,
				7666463021BDA1AF00DB519B /* AppearanceX */,
			);
		};
/* End PBXProject section */

/* Begin PBXResourcesBuildPhase section */
		7666460421BD786C00DB519B /* Resources */ = {
			isa = PBXResourcesBuildPhase;
			buildActionMask = 2147483647;
			files = (
				7668130921C8721400E5D2E5 /* Images.xcassets in Resources */,
				76F03338243FE2D70085B442 /* ShredderIcon@3x.png in Resources */,
				76A05D6E2348CCD3000093BD /* Shredder.mov in Resources */,
				7666461621BD786E00DB519B /* LaunchScreen.storyboard in Resources */,
				7666462521BD78C000DB519B /* com_bigcatos_Appearance.js in Resources */,
				7666462321BD78C000DB519B /* Appearance.html in Resources */,
				7602448C21C86D1700DD3518 /* AppearanceIcon-1024x1024.png in Resources */,
				7666461121BD786C00DB519B /* Main.storyboard in Resources */,
				76E4BC8021C1E9D4008A7ECD /* Appearance.sh in Resources */,
				7666462C21BD857F00DB519B /* AppearanceIcon-256x256.png in Resources */,
			);
			runOnlyForDeploymentPostprocessing = 0;
		};
		7666462F21BDA1AF00DB519B /* Resources */ = {
			isa = PBXResourcesBuildPhase;
			buildActionMask = 2147483647;
			files = (
				766B4E6C21C87BF4003F3CB0 /* Images.xcassets in Resources */,
				76DF515B234C090B00304E1A /* Shredder.mov in Resources */,
				76BD946221C364F100EF30E6 /* Appearance.h in Resources */,
				76C9F38A21BFE2BE008B06D8 /* HelpWindowController.xib in Resources */,
				76E54CC821BDC3720077F48D /* AppearanceIcon-256x256.png in Resources */,
				7666464621BDAB6400DB519B /* Appearance.html in Resources */,
				7666463D21BDA1B000DB519B /* Main.storyboard in Resources */,
				76E4BC8121C1E9D4008A7ECD /* Appearance.sh in Resources */,
				76E54CC921BDC40D0077F48D /* com_bigcatos_Appearance.js in Resources */,
			);
			runOnlyForDeploymentPostprocessing = 0;
		};
/* End PBXResourcesBuildPhase section */

/* Begin PBXShellScriptBuildPhase section */
		7696327322CFFE9C00D3DC07 /* ShellScript */ = {
			isa = PBXShellScriptBuildPhase;
			buildActionMask = 2147483647;
			files = (
			);
			inputFileListPaths = (
			);
			inputPaths = (
			);
			outputFileListPaths = (
			);
			outputPaths = (
			);
			runOnlyForDeploymentPostprocessing = 0;
			shellPath = /bin/sh;
			shellScript = "# Type a script or drag a script file from your workspace to insert its path.\nbn=$(/usr/libexec/PlistBuddy -c \"Print CFBundleVersion\" \"${INFOPLIST_FILE}\")\nvn=$(/usr/libexec/PlistBuddy -c \"Print CFBundleShortVersionString\" \"${INFOPLIST_FILE}\")\nFIX_APPEARANCE_HTML=NO ${SRCROOT}/Appearance.sh ${SRCROOT} ${TARGET_BUILD_DIR}/Appearance.app \"$vn ($bn)\" Appearance.html\n";
		};
		7696327422D0033300D3DC07 /* ShellScript */ = {
			isa = PBXShellScriptBuildPhase;
			buildActionMask = 2147483647;
			files = (
			);
			inputFileListPaths = (
			);
			inputPaths = (
			);
			outputFileListPaths = (
			);
			outputPaths = (
			);
			runOnlyForDeploymentPostprocessing = 0;
			shellPath = /bin/sh;
			shellScript = "# Type a script or drag a script file from your workspace to insert its path.\nbn=$(/usr/libexec/PlistBuddy -c \"Print CFBundleVersion\" \"${INFOPLIST_FILE}\")\nvn=$(/usr/libexec/PlistBuddy -c \"Print CFBundleShortVersionString\" \"${INFOPLIST_FILE}\")\nFIX_APPEARANCE_HTML=NO ${SRCROOT}/Appearance.sh ${SRCROOT} ${TARGET_BUILD_DIR}/AppearanceX.app/Contents/Resources \"$vn ($bn)\" Appearance.html\n";
		};
/* End PBXShellScriptBuildPhase section */

/* Begin PBXSourcesBuildPhase section */
		7666460221BD786C00DB519B /* Sources */ = {
			isa = PBXSourcesBuildPhase;
			buildActionMask = 2147483647;
			files = (
				7666460E21BD786C00DB519B /* ViewController.m in Sources */,
				7666461921BD786E00DB519B /* main.m in Sources */,
				7666460B21BD786C00DB519B /* AppDelegate.m in Sources */,
				7666462821BD799B00DB519B /* Appearance.m in Sources */,
			);
			runOnlyForDeploymentPostprocessing = 0;
		};
		7666462D21BDA1AF00DB519B /* Sources */ = {
			isa = PBXSourcesBuildPhase;
			buildActionMask = 2147483647;
			files = (
				7666463821BDA1AF00DB519B /* ViewController.m in Sources */,
				7666464021BDA1B000DB519B /* main.m in Sources */,
				7666463521BDA1AF00DB519B /* AppDelegate.m in Sources */,
				7666464521BDA60A00DB519B /* Appearance.m in Sources */,
				76C9F38B21BFE2BE008B06D8 /* HelpWindowController.m in Sources */,
			);
			runOnlyForDeploymentPostprocessing = 0;
		};
/* End PBXSourcesBuildPhase section */

/* Begin PBXVariantGroup section */
		7666460F21BD786C00DB519B /* Main.storyboard */ = {
			isa = PBXVariantGroup;
			children = (
				7666461021BD786C00DB519B /* Base */,
			);
			name = Main.storyboard;
			sourceTree = "<group>";
		};
		7666461421BD786E00DB519B /* LaunchScreen.storyboard */ = {
			isa = PBXVariantGroup;
			children = (
				7666461521BD786E00DB519B /* Base */,
			);
			name = LaunchScreen.storyboard;
			sourceTree = "<group>";
		};
		7666463B21BDA1B000DB519B /* Main.storyboard */ = {
			isa = PBXVariantGroup;
			children = (
				7666463C21BDA1B000DB519B /* Base */,
			);
			name = Main.storyboard;
			sourceTree = "<group>";
		};
/* End PBXVariantGroup section */

/* Begin XCBuildConfiguration section */
		7666461A21BD786E00DB519B /* Debug */ = {
			isa = XCBuildConfiguration;
			buildSettings = {
				ALWAYS_SEARCH_USER_PATHS = NO;
				CLANG_ANALYZER_NONNULL = YES;
				CLANG_ANALYZER_NUMBER_OBJECT_CONVERSION = YES_AGGRESSIVE;
				CLANG_CXX_LANGUAGE_STANDARD = "gnu++14";
				CLANG_CXX_LIBRARY = "libc++";
				CLANG_ENABLE_MODULES = YES;
				CLANG_ENABLE_OBJC_ARC = YES;
				CLANG_ENABLE_OBJC_WEAK = YES;
				CLANG_WARN_BLOCK_CAPTURE_AUTORELEASING = YES;
				CLANG_WARN_BOOL_CONVERSION = YES;
				CLANG_WARN_COMMA = YES;
				CLANG_WARN_CONSTANT_CONVERSION = YES;
				CLANG_WARN_DEPRECATED_OBJC_IMPLEMENTATIONS = YES;
				CLANG_WARN_DIRECT_OBJC_ISA_USAGE = YES_ERROR;
				CLANG_WARN_DOCUMENTATION_COMMENTS = YES;
				CLANG_WARN_EMPTY_BODY = YES;
				CLANG_WARN_ENUM_CONVERSION = YES;
				CLANG_WARN_INFINITE_RECURSION = YES;
				CLANG_WARN_INT_CONVERSION = YES;
				CLANG_WARN_NON_LITERAL_NULL_CONVERSION = YES;
				CLANG_WARN_OBJC_IMPLICIT_RETAIN_SELF = YES;
				CLANG_WARN_OBJC_LITERAL_CONVERSION = YES;
				CLANG_WARN_OBJC_ROOT_CLASS = YES_ERROR;
				CLANG_WARN_RANGE_LOOP_ANALYSIS = YES;
				CLANG_WARN_STRICT_PROTOTYPES = YES;
				CLANG_WARN_SUSPICIOUS_MOVE = YES;
				CLANG_WARN_UNGUARDED_AVAILABILITY = YES_AGGRESSIVE;
				CLANG_WARN_UNREACHABLE_CODE = YES;
				CLANG_WARN__DUPLICATE_METHOD_MATCH = YES;
				CODE_SIGN_IDENTITY = "iPhone Developer";
				COPY_PHASE_STRIP = NO;
				DEBUG_INFORMATION_FORMAT = dwarf;
				ENABLE_STRICT_OBJC_MSGSEND = YES;
				ENABLE_TESTABILITY = YES;
				GCC_C_LANGUAGE_STANDARD = gnu11;
				GCC_DYNAMIC_NO_PIC = NO;
				GCC_NO_COMMON_BLOCKS = YES;
				GCC_OPTIMIZATION_LEVEL = 0;
				GCC_PREPROCESSOR_DEFINITIONS = "DEBUG=1";
				GCC_WARN_64_TO_32_BIT_CONVERSION = YES;
				GCC_WARN_ABOUT_RETURN_TYPE = YES_ERROR;
				GCC_WARN_UNDECLARED_SELECTOR = YES;
				GCC_WARN_UNINITIALIZED_AUTOS = YES_AGGRESSIVE;
				GCC_WARN_UNUSED_FUNCTION = YES;
				GCC_WARN_UNUSED_VARIABLE = YES;
				IPHONEOS_DEPLOYMENT_TARGET = 12.1;
				MTL_ENABLE_DEBUG_INFO = INCLUDE_SOURCE;
				MTL_FAST_MATH = YES;
				ONLY_ACTIVE_ARCH = YES;
				SDKROOT = iphoneos;
			};
			name = Debug;
		};
		7666461B21BD786E00DB519B /* Release */ = {
			isa = XCBuildConfiguration;
			buildSettings = {
				ALWAYS_SEARCH_USER_PATHS = NO;
				CLANG_ANALYZER_NONNULL = YES;
				CLANG_ANALYZER_NUMBER_OBJECT_CONVERSION = YES_AGGRESSIVE;
				CLANG_CXX_LANGUAGE_STANDARD = "gnu++14";
				CLANG_CXX_LIBRARY = "libc++";
				CLANG_ENABLE_MODULES = YES;
				CLANG_ENABLE_OBJC_ARC = YES;
				CLANG_ENABLE_OBJC_WEAK = YES;
				CLANG_WARN_BLOCK_CAPTURE_AUTORELEASING = YES;
				CLANG_WARN_BOOL_CONVERSION = YES;
				CLANG_WARN_COMMA = YES;
				CLANG_WARN_CONSTANT_CONVERSION = YES;
				CLANG_WARN_DEPRECATED_OBJC_IMPLEMENTATIONS = YES;
				CLANG_WARN_DIRECT_OBJC_ISA_USAGE = YES_ERROR;
				CLANG_WARN_DOCUMENTATION_COMMENTS = YES;
				CLANG_WARN_EMPTY_BODY = YES;
				CLANG_WARN_ENUM_CONVERSION = YES;
				CLANG_WARN_INFINITE_RECURSION = YES;
				CLANG_WARN_INT_CONVERSION = YES;
				CLANG_WARN_NON_LITERAL_NULL_CONVERSION = YES;
				CLANG_WARN_OBJC_IMPLICIT_RETAIN_SELF = YES;
				CLANG_WARN_OBJC_LITERAL_CONVERSION = YES;
				CLANG_WARN_OBJC_ROOT_CLASS = YES_ERROR;
				CLANG_WARN_RANGE_LOOP_ANALYSIS = YES;
				CLANG_WARN_STRICT_PROTOTYPES = YES;
				CLANG_WARN_SUSPICIOUS_MOVE = YES;
				CLANG_WARN_UNGUARDED_AVAILABILITY = YES_AGGRESSIVE;
				CLANG_WARN_UNREACHABLE_CODE = YES;
				CLANG_WARN__DUPLICATE_METHOD_MATCH = YES;
				CODE_SIGN_IDENTITY = "iPhone Developer";
				COPY_PHASE_STRIP = NO;
				DEBUG_INFORMATION_FORMAT = "dwarf-with-dsym";
				ENABLE_NS_ASSERTIONS = NO;
				ENABLE_STRICT_OBJC_MSGSEND = YES;
				GCC_C_LANGUAGE_STANDARD = gnu11;
				GCC_NO_COMMON_BLOCKS = YES;
				GCC_WARN_64_TO_32_BIT_CONVERSION = YES;
				GCC_WARN_ABOUT_RETURN_TYPE = YES_ERROR;
				GCC_WARN_UNDECLARED_SELECTOR = YES;
				GCC_WARN_UNINITIALIZED_AUTOS = YES_AGGRESSIVE;
				GCC_WARN_UNUSED_FUNCTION = YES;
				GCC_WARN_UNUSED_VARIABLE = YES;
				IPHONEOS_DEPLOYMENT_TARGET = 12.1;
				MTL_ENABLE_DEBUG_INFO = NO;
				MTL_FAST_MATH = YES;
				SDKROOT = iphoneos;
				VALIDATE_PRODUCT = YES;
			};
			name = Release;
		};
		7666461D21BD786E00DB519B /* Debug */ = {
			isa = XCBuildConfiguration;
			buildSettings = {
				ASSETCATALOG_COMPILER_APPICON_NAME = iOSAppIcons;
				CODE_SIGN_STYLE = Automatic;
				DEVELOPMENT_TEAM = 6VN54MV749;
				GCC_PREPROCESSOR_DEFINITIONS = "DEBUG=1";
				INFOPLIST_FILE = Appearance/Info.plist;
				IPHONEOS_DEPLOYMENT_TARGET = 9.0;
				LD_RUNPATH_SEARCH_PATHS = (
					"$(inherited)",
					"@executable_path/Frameworks",
				);
				PRODUCT_BUNDLE_IDENTIFIER = com.bigcatos.Appearance;
				PRODUCT_NAME = "$(TARGET_NAME)";
				TARGETED_DEVICE_FAMILY = "1,2";
			};
			name = Debug;
		};
		7666461E21BD786E00DB519B /* Release */ = {
			isa = XCBuildConfiguration;
			buildSettings = {
				ASSETCATALOG_COMPILER_APPICON_NAME = iOSAppIcons;
				CODE_SIGN_STYLE = Automatic;
				DEVELOPMENT_TEAM = 6VN54MV749;
				INFOPLIST_FILE = Appearance/Info.plist;
				IPHONEOS_DEPLOYMENT_TARGET = 9.0;
				LD_RUNPATH_SEARCH_PATHS = (
					"$(inherited)",
					"@executable_path/Frameworks",
				);
				PRODUCT_BUNDLE_IDENTIFIER = com.bigcatos.Appearance;
				PRODUCT_NAME = "$(TARGET_NAME)";
				TARGETED_DEVICE_FAMILY = "1,2";
			};
			name = Release;
		};
		7666464321BDA1B000DB519B /* Debug */ = {
			isa = XCBuildConfiguration;
			buildSettings = {
				ASSETCATALOG_COMPILER_APPICON_NAME = macOSAppIcons;
				CODE_SIGN_ENTITLEMENTS = AppearanceX/AppearanceX.entitlements;
				CODE_SIGN_IDENTITY = "Mac Developer";
				CODE_SIGN_STYLE = Automatic;
				COMBINE_HIDPI_IMAGES = YES;
				DEVELOPMENT_TEAM = 6VN54MV749;
				GCC_PREPROCESSOR_DEFINITIONS = (
					"DEBUG=1",
					"kAppearanceX=1",
				);
				INFOPLIST_FILE = "$(SRCROOT)/AppearanceX/Info.plist";
				LD_RUNPATH_SEARCH_PATHS = (
					"$(inherited)",
					"@executable_path/../Frameworks",
				);
				MACOSX_DEPLOYMENT_TARGET = 10.11;
				PRODUCT_BUNDLE_IDENTIFIER = com.bigcatos.AppearanceX;
				PRODUCT_NAME = "$(TARGET_NAME)";
				SDKROOT = macosx;
			};
			name = Debug;
		};
		7666464421BDA1B000DB519B /* Release */ = {
			isa = XCBuildConfiguration;
			buildSettings = {
				ASSETCATALOG_COMPILER_APPICON_NAME = macOSAppIcons;
				CODE_SIGN_ENTITLEMENTS = AppearanceX/AppearanceX.entitlements;
				CODE_SIGN_IDENTITY = "Mac Developer";
				CODE_SIGN_STYLE = Automatic;
				COMBINE_HIDPI_IMAGES = YES;
				DEVELOPMENT_TEAM = 6VN54MV749;
				INFOPLIST_FILE = "$(SRCROOT)/AppearanceX/Info.plist";
				LD_RUNPATH_SEARCH_PATHS = (
					"$(inherited)",
					"@executable_path/../Frameworks",
				);
				MACOSX_DEPLOYMENT_TARGET = 10.11;
				PRODUCT_BUNDLE_IDENTIFIER = com.bigcatos.AppearanceX;
				PRODUCT_NAME = "$(TARGET_NAME)";
				SDKROOT = macosx;
			};
			name = Release;
		};
/* End XCBuildConfiguration section */

/* Begin XCConfigurationList section */
		7666460121BD786C00DB519B /* Build configuration list for PBXProject "Appearance" */ = {
			isa = XCConfigurationList;
			buildConfigurations = (
				7666461A21BD786E00DB519B /* Debug */,
				7666461B21BD786E00DB519B /* Release */,
			);
			defaultConfigurationIsVisible = 0;
			defaultConfigurationName = Release;
		};
		7666461C21BD786E00DB519B /* Build configuration list for PBXNativeTarget "Appearance" */ = {
			isa = XCConfigurationList;
			buildConfigurations = (
				7666461D21BD786E00DB519B /* Debug */,
				7666461E21BD786E00DB519B /* Release */,
			);
			defaultConfigurationIsVisible = 0;
			defaultConfigurationName = Release;
		};
		7666464221BDA1B000DB519B /* Build configuration list for PBXNativeTarget "AppearanceX" */ = {
			isa = XCConfigurationList;
			buildConfigurations = (
				7666464321BDA1B000DB519B /* Debug */,
				7666464421BDA1B000DB519B /* Release */,
			);
			defaultConfigurationIsVisible = 0;
			defaultConfigurationName = Release;
		};
/* End XCConfigurationList section */
	};
	rootObject = 766645FE21BD786C00DB519B /* Project object */;
}
